
Microsoft Visual Studio Solution File, Format Version 12.00
# Visual Studio Version 16
VisualStudioVersion = 16.0.31402.337
MinimumVisualStudioVersion = 10.0.40219.1
Project("{FAE04EC0-301F-11D3-BF4B-00C04F79EFBC}") = "DiscordBot.net", "DiscordBot.net.csproj", "{EC189B8E-169E-493C-9D2F-5EBE49B8CDBF}"
EndProject
Global
	GlobalSection(SolutionConfigurationPlatforms) = preSolution
		Debug|Any CPU = Debug|Any CPU
		Release|Any CPU = Release|Any CPU
	EndGlobalSection
	GlobalSection(ProjectConfigurationPlatforms) = postSolution
		{EC189B8E-169E-493C-9D2F-5EBE49B8CDBF}.Debug|Any CPU.ActiveCfg = Debug|Any CPU
		{EC189B8E-169E-493C-9D2F-5EBE49B8CDBF}.Debug|Any CPU.Build.0 = Debug|Any CPU
		{EC189B8E-169E-493C-9D2F-5EBE49B8CDBF}.Release|Any CPU.ActiveCfg = Release|Any CPU
		{EC189B8E-169E-493C-9D2F-5EBE49B8CDBF}.Release|Any CPU.Build.0 = Release|Any CPU
	EndGlobalSection
	GlobalSection(SolutionProperties) = preSolution
		HideSolutionNode = FALSE
	EndGlobalSection
	GlobalSection(ExtensibilityGlobals) = postSolution
		SolutionGuid = {8CA901F4-3B47-48DE-9CA0-06FE7743675D}
	EndGlobalSection
EndGlobal
